
Microsoft Visual Studio Solution File, Format Version 12.00
# Visual Studio Version 17
VisualStudioVersion = 17.0.31903.59
MinimumVisualStudioVersion = 10.0.40219.1
Project("{9A19103F-16F7-4668-BE54-9A1E7A4F7556}") = "PersonalSite.Domain", "PersonalSite.Domain\PersonalSite.Domain.csproj", "{13178447-06FA-4652-8735-CD79E255C6F9}"
EndProject
Project("{9A19103F-16F7-4668-BE54-9A1E7A4F7556}") = "PersonalSite.Persistence", "PersonalSite.Persistence\PersonalSite.Persistence.csproj", "{F46F8149-C045-4880-B207-2C7D4A71132E}"
EndProject
Project("{2150E333-8FDC-42A3-9474-1A3956D46DE8}") = "PersonalSite.Tests", "PersonalSite.Tests", "{5F9EA4EB-E65A-4C58-979A-3A38FE6778CA}"
EndProject
Project("{9A19103F-16F7-4668-BE54-9A1E7A4F7556}") = "PersonalSite.UnitTests", "PersonalSite.Tests\PersonalSite.UnitTests\PersonalSite.UnitTests.csproj", "{AFEDB244-A56C-4815-9388-837B972DDDC6}"
EndProject
Project("{9A19103F-16F7-4668-BE54-9A1E7A4F7556}") = "PersonalSite.WebApi.UnitTests", "PersonalSite.Tests\PersonalSite.WebApi.UnitTests\PersonalSite.WebApi.UnitTests.csproj", "{D29517F6-FB8D-42CC-9520-0ADD528CA662}"
EndProject
Project("{9A19103F-16F7-4668-BE54-9A1E7A4F7556}") = "PersonalSite.IntegrationTests", "PersonalSite.Tests\PersonalSite.IntegrationTests\PersonalSite.IntegrationTests.csproj", "{09BB995A-9C5F-4FA9-893B-C91B567E0BE6}"
EndProject
Project("{9A19103F-16F7-4668-BE54-9A1E7A4F7556}") = "PersonalSite.Application", "PersonalSite.Application\PersonalSite.Application.csproj", "{B87A9835-AC50-4CD2-A8B9-D2DC0B3AD2A4}"
EndProject
Project("{9A19103F-16F7-4668-BE54-9A1E7A4F7556}") = "PersonalSite.FunctionalTests", "PersonalSite.Tests\PersonalSite.FunctionalTests\PersonalSite.FunctionalTests.csproj", "{7AE3C3CA-28B6-4C74-9C66-D1703F0C3BE7}"
EndProject
Project("{9A19103F-16F7-4668-BE54-9A1E7A4F7556}") = "PersonalSite.WebApi", "PersonalSite.WebApi\PersonalSite.WebApi.csproj", "{E0B435A0-FBD8-45FE-852A-532611492300}"
EndProject
Project("{FAE04EC0-301F-11D3-BF4B-00C04F79EFBC}") = "PersonalSite.Persistance.Npgsql", "PersonalSite.Persistance.Npgsql\PersonalSite.Persistance.Npgsql.csproj", "{D2E46104-9B2B-4FF9-832A-2496E939BA72}"
EndProject
Global
	GlobalSection(SolutionConfigurationPlatforms) = preSolution
		Debug|Any CPU = Debug|Any CPU
		Release|Any CPU = Release|Any CPU
	EndGlobalSection
	GlobalSection(ProjectConfigurationPlatforms) = postSolution
		{13178447-06FA-4652-8735-CD79E255C6F9}.Debug|Any CPU.ActiveCfg = Debug|Any CPU
		{13178447-06FA-4652-8735-CD79E255C6F9}.Debug|Any CPU.Build.0 = Debug|Any CPU
		{13178447-06FA-4652-8735-CD79E255C6F9}.Release|Any CPU.ActiveCfg = Release|Any CPU
		{13178447-06FA-4652-8735-CD79E255C6F9}.Release|Any CPU.Build.0 = Release|Any CPU
		{F46F8149-C045-4880-B207-2C7D4A71132E}.Debug|Any CPU.ActiveCfg = Debug|Any CPU
		{F46F8149-C045-4880-B207-2C7D4A71132E}.Debug|Any CPU.Build.0 = Debug|Any CPU
		{F46F8149-C045-4880-B207-2C7D4A71132E}.Release|Any CPU.ActiveCfg = Release|Any CPU
		{F46F8149-C045-4880-B207-2C7D4A71132E}.Release|Any CPU.Build.0 = Release|Any CPU
		{AFEDB244-A56C-4815-9388-837B972DDDC6}.Debug|Any CPU.ActiveCfg = Debug|Any CPU
		{AFEDB244-A56C-4815-9388-837B972DDDC6}.Debug|Any CPU.Build.0 = Debug|Any CPU
		{AFEDB244-A56C-4815-9388-837B972DDDC6}.Release|Any CPU.ActiveCfg = Release|Any CPU
		{AFEDB244-A56C-4815-9388-837B972DDDC6}.Release|Any CPU.Build.0 = Release|Any CPU
		{D29517F6-FB8D-42CC-9520-0ADD528CA662}.Debug|Any CPU.ActiveCfg = Debug|Any CPU
		{D29517F6-FB8D-42CC-9520-0ADD528CA662}.Debug|Any CPU.Build.0 = Debug|Any CPU
		{D29517F6-FB8D-42CC-9520-0ADD528CA662}.Release|Any CPU.ActiveCfg = Release|Any CPU
		{D29517F6-FB8D-42CC-9520-0ADD528CA662}.Release|Any CPU.Build.0 = Release|Any CPU
		{09BB995A-9C5F-4FA9-893B-C91B567E0BE6}.Debug|Any CPU.ActiveCfg = Debug|Any CPU
		{09BB995A-9C5F-4FA9-893B-C91B567E0BE6}.Debug|Any CPU.Build.0 = Debug|Any CPU
		{09BB995A-9C5F-4FA9-893B-C91B567E0BE6}.Release|Any CPU.ActiveCfg = Release|Any CPU
		{09BB995A-9C5F-4FA9-893B-C91B567E0BE6}.Release|Any CPU.Build.0 = Release|Any CPU
		{B87A9835-AC50-4CD2-A8B9-D2DC0B3AD2A4}.Debug|Any CPU.ActiveCfg = Debug|Any CPU
		{B87A9835-AC50-4CD2-A8B9-D2DC0B3AD2A4}.Debug|Any CPU.Build.0 = Debug|Any CPU
		{B87A9835-AC50-4CD2-A8B9-D2DC0B3AD2A4}.Release|Any CPU.ActiveCfg = Release|Any CPU
		{B87A9835-AC50-4CD2-A8B9-D2DC0B3AD2A4}.Release|Any CPU.Build.0 = Release|Any CPU
		{7AE3C3CA-28B6-4C74-9C66-D1703F0C3BE7}.Debug|Any CPU.ActiveCfg = Debug|Any CPU
		{7AE3C3CA-28B6-4C74-9C66-D1703F0C3BE7}.Debug|Any CPU.Build.0 = Debug|Any CPU
		{7AE3C3CA-28B6-4C74-9C66-D1703F0C3BE7}.Release|Any CPU.ActiveCfg = Release|Any CPU
		{7AE3C3CA-28B6-4C74-9C66-D1703F0C3BE7}.Release|Any CPU.Build.0 = Release|Any CPU
		{E0B435A0-FBD8-45FE-852A-532611492300}.Debug|Any CPU.ActiveCfg = Debug|Any CPU
		{E0B435A0-FBD8-45FE-852A-532611492300}.Debug|Any CPU.Build.0 = Debug|Any CPU
		{E0B435A0-FBD8-45FE-852A-532611492300}.Release|Any CPU.ActiveCfg = Release|Any CPU
		{E0B435A0-FBD8-45FE-852A-532611492300}.Release|Any CPU.Build.0 = Release|Any CPU
		{D2E46104-9B2B-4FF9-832A-2496E939BA72}.Debug|Any CPU.ActiveCfg = Debug|Any CPU
		{D2E46104-9B2B-4FF9-832A-2496E939BA72}.Debug|Any CPU.Build.0 = Debug|Any CPU
		{D2E46104-9B2B-4FF9-832A-2496E939BA72}.Release|Any CPU.ActiveCfg = Release|Any CPU
		{D2E46104-9B2B-4FF9-832A-2496E939BA72}.Release|Any CPU.Build.0 = Release|Any CPU
	EndGlobalSection
	GlobalSection(SolutionProperties) = preSolution
		HideSolutionNode = FALSE
	EndGlobalSection
	GlobalSection(NestedProjects) = preSolution
		{AFEDB244-A56C-4815-9388-837B972DDDC6} = {5F9EA4EB-E65A-4C58-979A-3A38FE6778CA}
		{D29517F6-FB8D-42CC-9520-0ADD528CA662} = {5F9EA4EB-E65A-4C58-979A-3A38FE6778CA}
		{09BB995A-9C5F-4FA9-893B-C91B567E0BE6} = {5F9EA4EB-E65A-4C58-979A-3A38FE6778CA}
		{7AE3C3CA-28B6-4C74-9C66-D1703F0C3BE7} = {5F9EA4EB-E65A-4C58-979A-3A38FE6778CA}
	EndGlobalSection
	GlobalSection(ExtensibilityGlobals) = postSolution
		SolutionGuid = {714A8489-4FFC-42CD-A38E-DCA40D6C792C}
	EndGlobalSection
EndGlobal
