
Microsoft Visual Studio Solution File, Format Version 12.00
# Visual Studio Version 16
VisualStudioVersion = 16.0.30011.22
MinimumVisualStudioVersion = 10.0.40219.1
Project("{9A19103F-16F7-4668-BE54-9A1E7A4F7556}") = "PersonalSite.Domain", "PersonalSite.Domain\PersonalSite.Domain.csproj", "{13178447-06FA-4652-8735-CD79E255C6F9}"
EndProject
Project("{9A19103F-16F7-4668-BE54-9A1E7A4F7556}") = "PersonalSite.Persistence", "PersonalSite.Persistence\PersonalSite.Persistence.csproj", "{F46F8149-C045-4880-B207-2C7D4A71132E}"
EndProject
Project("{9A19103F-16F7-4668-BE54-9A1E7A4F7556}") = "PersonalSite.Domain.API", "PersonalSite.API\PersonalSite.Domain.API.csproj", "{D852893F-25B6-467E-B3B6-BC4E997A2AF7}"
EndProject
Project("{2150E333-8FDC-42A3-9474-1A3956D46DE8}") = "PersonalSite.Tests", "PersonalSite.Tests", "{5F9EA4EB-E65A-4C58-979A-3A38FE6778CA}"
EndProject
Project("{9A19103F-16F7-4668-BE54-9A1E7A4F7556}") = "PersonalSite.Domain.UnitTests", "PersonalSite.Domain.UnitTests\PersonalSite.Domain.UnitTests.csproj", "{AFEDB244-A56C-4815-9388-837B972DDDC6}"
EndProject
Project("{FAE04EC0-301F-11D3-BF4B-00C04F79EFBC}") = "PersonalSite.API.UnitTests", "PersonalSite.API.UnitTests\PersonalSite.API.UnitTests.csproj", "{D29517F6-FB8D-42CC-9520-0ADD528CA662}"
EndProject
Project("{FAE04EC0-301F-11D3-BF4B-00C04F79EFBC}") = "PersonalSite.Domain.IntegrationTests", "PersonalSite.Domain.IntegrationTests\PersonalSite.Domain.IntegrationTests.csproj", "{09BB995A-9C5F-4FA9-893B-C91B567E0BE6}"
EndProject
Global
	GlobalSection(SolutionConfigurationPlatforms) = preSolution
		Debug|Any CPU = Debug|Any CPU
		Release|Any CPU = Release|Any CPU
	EndGlobalSection
	GlobalSection(ProjectConfigurationPlatforms) = postSolution
		{13178447-06FA-4652-8735-CD79E255C6F9}.Debug|Any CPU.ActiveCfg = Debug|Any CPU
		{13178447-06FA-4652-8735-CD79E255C6F9}.Debug|Any CPU.Build.0 = Debug|Any CPU
		{13178447-06FA-4652-8735-CD79E255C6F9}.Release|Any CPU.ActiveCfg = Release|Any CPU
		{13178447-06FA-4652-8735-CD79E255C6F9}.Release|Any CPU.Build.0 = Release|Any CPU
		{F46F8149-C045-4880-B207-2C7D4A71132E}.Debug|Any CPU.ActiveCfg = Debug|Any CPU
		{F46F8149-C045-4880-B207-2C7D4A71132E}.Debug|Any CPU.Build.0 = Debug|Any CPU
		{F46F8149-C045-4880-B207-2C7D4A71132E}.Release|Any CPU.ActiveCfg = Release|Any CPU
		{F46F8149-C045-4880-B207-2C7D4A71132E}.Release|Any CPU.Build.0 = Release|Any CPU
		{D852893F-25B6-467E-B3B6-BC4E997A2AF7}.Debug|Any CPU.ActiveCfg = Debug|Any CPU
		{D852893F-25B6-467E-B3B6-BC4E997A2AF7}.Debug|Any CPU.Build.0 = Debug|Any CPU
		{D852893F-25B6-467E-B3B6-BC4E997A2AF7}.Release|Any CPU.ActiveCfg = Release|Any CPU
		{D852893F-25B6-467E-B3B6-BC4E997A2AF7}.Release|Any CPU.Build.0 = Release|Any CPU
		{AFEDB244-A56C-4815-9388-837B972DDDC6}.Debug|Any CPU.ActiveCfg = Debug|Any CPU
		{AFEDB244-A56C-4815-9388-837B972DDDC6}.Debug|Any CPU.Build.0 = Debug|Any CPU
		{AFEDB244-A56C-4815-9388-837B972DDDC6}.Release|Any CPU.ActiveCfg = Release|Any CPU
		{AFEDB244-A56C-4815-9388-837B972DDDC6}.Release|Any CPU.Build.0 = Release|Any CPU
		{D29517F6-FB8D-42CC-9520-0ADD528CA662}.Debug|Any CPU.ActiveCfg = Debug|Any CPU
		{D29517F6-FB8D-42CC-9520-0ADD528CA662}.Debug|Any CPU.Build.0 = Debug|Any CPU
		{D29517F6-FB8D-42CC-9520-0ADD528CA662}.Release|Any CPU.ActiveCfg = Release|Any CPU
		{D29517F6-FB8D-42CC-9520-0ADD528CA662}.Release|Any CPU.Build.0 = Release|Any CPU
		{09BB995A-9C5F-4FA9-893B-C91B567E0BE6}.Debug|Any CPU.ActiveCfg = Debug|Any CPU
		{09BB995A-9C5F-4FA9-893B-C91B567E0BE6}.Debug|Any CPU.Build.0 = Debug|Any CPU
		{09BB995A-9C5F-4FA9-893B-C91B567E0BE6}.Release|Any CPU.ActiveCfg = Release|Any CPU
		{09BB995A-9C5F-4FA9-893B-C91B567E0BE6}.Release|Any CPU.Build.0 = Release|Any CPU
	EndGlobalSection
	GlobalSection(SolutionProperties) = preSolution
		HideSolutionNode = FALSE
	EndGlobalSection
	GlobalSection(NestedProjects) = preSolution
		{AFEDB244-A56C-4815-9388-837B972DDDC6} = {5F9EA4EB-E65A-4C58-979A-3A38FE6778CA}
		{D29517F6-FB8D-42CC-9520-0ADD528CA662} = {5F9EA4EB-E65A-4C58-979A-3A38FE6778CA}
		{09BB995A-9C5F-4FA9-893B-C91B567E0BE6} = {5F9EA4EB-E65A-4C58-979A-3A38FE6778CA}
	EndGlobalSection
	GlobalSection(ExtensibilityGlobals) = postSolution
		SolutionGuid = {714A8489-4FFC-42CD-A38E-DCA40D6C792C}
	EndGlobalSection
EndGlobal
